
Microsoft Visual Studio Solution File, Format Version 12.00
# Visual Studio Version 17
VisualStudioVersion = 17.8.34309.116
MinimumVisualStudioVersion = 10.0.40219.1
Project("{FAE04EC0-301F-11D3-BF4B-00C04F79EFBC}") = "ExampleAssistantAPI", "ExampleAssistantAPI\ExampleAssistantAPI.csproj", "{150C7083-47C6-470F-B727-0E52F4E8B5BF}"
EndProject
Project("{2150E333-8FDC-42A3-9474-1A3956D46DE8}") = "src", "src", "{6F3DB8A6-6C52-4083-A172-17E8770147ED}"
EndProject
Global
	GlobalSection(SolutionConfigurationPlatforms) = preSolution
		Debug|Any CPU = Debug|Any CPU
		Release|Any CPU = Release|Any CPU
	EndGlobalSection
	GlobalSection(ProjectConfigurationPlatforms) = postSolution
		{150C7083-47C6-470F-B727-0E52F4E8B5BF}.Debug|Any CPU.ActiveCfg = Debug|Any CPU
		{150C7083-47C6-470F-B727-0E52F4E8B5BF}.Debug|Any CPU.Build.0 = Debug|Any CPU
		{150C7083-47C6-470F-B727-0E52F4E8B5BF}.Release|Any CPU.ActiveCfg = Release|Any CPU
		{150C7083-47C6-470F-B727-0E52F4E8B5BF}.Release|Any CPU.Build.0 = Release|Any CPU
	EndGlobalSection
	GlobalSection(SolutionProperties) = preSolution
		HideSolutionNode = FALSE
	EndGlobalSection
	GlobalSection(NestedProjects) = preSolution
		{150C7083-47C6-470F-B727-0E52F4E8B5BF} = {6F3DB8A6-6C52-4083-A172-17E8770147ED}
	EndGlobalSection
	GlobalSection(ExtensibilityGlobals) = postSolution
		SolutionGuid = {C3BDC21D-C775-42FC-B7AB-E20F7965198B}
	EndGlobalSection
EndGlobal
